// !$*UTF8*$!
{
	archiveVersion = 1;
	classes = {
	};
	objectVersion = 55;
	objects = {

/* Begin PBXBuildFile section */
		1776BE28273E5D06004C981D /* HIIT_TrackerApp.swift in Sources */ = {isa = PBXBuildFile; fileRef = 1776BE27273E5D06004C981D /* HIIT_TrackerApp.swift */; };
		1776BE2A273E5D06004C981D /* ContentView.swift in Sources */ = {isa = PBXBuildFile; fileRef = 1776BE29273E5D06004C981D /* ContentView.swift */; };
		1776BE2C273E5D07004C981D /* Assets.xcassets in Resources */ = {isa = PBXBuildFile; fileRef = 1776BE2B273E5D07004C981D /* Assets.xcassets */; };
		1776BE2F273E5D07004C981D /* Preview Assets.xcassets in Resources */ = {isa = PBXBuildFile; fileRef = 1776BE2E273E5D07004C981D /* Preview Assets.xcassets */; };
		1776BE3C273E5D71004C981D /* AppColors.swift in Sources */ = {isa = PBXBuildFile; fileRef = 1776BE3B273E5D71004C981D /* AppColors.swift */; };
		1776BE3E273E9333004C981D /* TimerView.swift in Sources */ = {isa = PBXBuildFile; fileRef = 1776BE3D273E9333004C981D /* TimerView.swift */; };
		1776BE40273E9519004C981D /* SettingsView.swift in Sources */ = {isa = PBXBuildFile; fileRef = 1776BE3F273E9519004C981D /* SettingsView.swift */; };
		1776BE42273E98B2004C981D /* MainMenuView.swift in Sources */ = {isa = PBXBuildFile; fileRef = 1776BE41273E98B2004C981D /* MainMenuView.swift */; };
		1776BE44273EAFE5004C981D /* HeaderView.swift in Sources */ = {isa = PBXBuildFile; fileRef = 1776BE43273EAFE5004C981D /* HeaderView.swift */; };
		1776BE47273EB53A004C981D /* WorkoutSettingsView.swift in Sources */ = {isa = PBXBuildFile; fileRef = 1776BE46273EB53A004C981D /* WorkoutSettingsView.swift */; };
		177B8E5B2742872A00C338C7 /* UserData.swift in Sources */ = {isa = PBXBuildFile; fileRef = 177B8E5A2742872A00C338C7 /* UserData.swift */; };
		177B8E5D274423AB00C338C7 /* PopToRootNavigation.swift in Sources */ = {isa = PBXBuildFile; fileRef = 177B8E5C274423AA00C338C7 /* PopToRootNavigation.swift */; };
		17B5617E27453D97008A2554 /* WorkoutListView.swift in Sources */ = {isa = PBXBuildFile; fileRef = 17B5617D27453D97008A2554 /* WorkoutListView.swift */; };
		17B56180274540F4008A2554 /* WorkoutDetailView.swift in Sources */ = {isa = PBXBuildFile; fileRef = 17B5617F274540F4008A2554 /* WorkoutDetailView.swift */; };
/* End PBXBuildFile section */

/* Begin PBXFileReference section */
		1776BE24273E5D06004C981D /* HIIT-Tracker.app */ = {isa = PBXFileReference; explicitFileType = wrapper.application; includeInIndex = 0; path = "HIIT-Tracker.app"; sourceTree = BUILT_PRODUCTS_DIR; };
		1776BE27273E5D06004C981D /* HIIT_TrackerApp.swift */ = {isa = PBXFileReference; lastKnownFileType = sourcecode.swift; path = HIIT_TrackerApp.swift; sourceTree = "<group>"; };
		1776BE29273E5D06004C981D /* ContentView.swift */ = {isa = PBXFileReference; lastKnownFileType = sourcecode.swift; path = ContentView.swift; sourceTree = "<group>"; };
		1776BE2B273E5D07004C981D /* Assets.xcassets */ = {isa = PBXFileReference; lastKnownFileType = folder.assetcatalog; path = Assets.xcassets; sourceTree = "<group>"; };
		1776BE2E273E5D07004C981D /* Preview Assets.xcassets */ = {isa = PBXFileReference; lastKnownFileType = folder.assetcatalog; path = "Preview Assets.xcassets"; sourceTree = "<group>"; };
		1776BE3B273E5D71004C981D /* AppColors.swift */ = {isa = PBXFileReference; lastKnownFileType = sourcecode.swift; path = AppColors.swift; sourceTree = "<group>"; };
		1776BE3D273E9333004C981D /* TimerView.swift */ = {isa = PBXFileReference; lastKnownFileType = sourcecode.swift; path = TimerView.swift; sourceTree = "<group>"; };
		1776BE3F273E9519004C981D /* SettingsView.swift */ = {isa = PBXFileReference; lastKnownFileType = sourcecode.swift; path = SettingsView.swift; sourceTree = "<group>"; };
		1776BE41273E98B2004C981D /* MainMenuView.swift */ = {isa = PBXFileReference; lastKnownFileType = sourcecode.swift; path = MainMenuView.swift; sourceTree = "<group>"; };
		1776BE43273EAFE5004C981D /* HeaderView.swift */ = {isa = PBXFileReference; lastKnownFileType = sourcecode.swift; path = HeaderView.swift; sourceTree = "<group>"; };
		1776BE46273EB53A004C981D /* WorkoutSettingsView.swift */ = {isa = PBXFileReference; lastKnownFileType = sourcecode.swift; path = WorkoutSettingsView.swift; sourceTree = "<group>"; };
		177B8E5A2742872A00C338C7 /* UserData.swift */ = {isa = PBXFileReference; lastKnownFileType = sourcecode.swift; path = UserData.swift; sourceTree = "<group>"; };
		177B8E5C274423AA00C338C7 /* PopToRootNavigation.swift */ = {isa = PBXFileReference; lastKnownFileType = sourcecode.swift; path = PopToRootNavigation.swift; sourceTree = "<group>"; };
		17B5617D27453D97008A2554 /* WorkoutListView.swift */ = {isa = PBXFileReference; lastKnownFileType = sourcecode.swift; path = WorkoutListView.swift; sourceTree = "<group>"; };
		17B5617F274540F4008A2554 /* WorkoutDetailView.swift */ = {isa = PBXFileReference; lastKnownFileType = sourcecode.swift; path = WorkoutDetailView.swift; sourceTree = "<group>"; };
/* End PBXFileReference section */

/* Begin PBXFrameworksBuildPhase section */
		1776BE21273E5D06004C981D /* Frameworks */ = {
			isa = PBXFrameworksBuildPhase;
			buildActionMask = 2147483647;
			files = (
			);
			runOnlyForDeploymentPostprocessing = 0;
		};
/* End PBXFrameworksBuildPhase section */

/* Begin PBXGroup section */
		1776BE1B273E5D06004C981D = {
			isa = PBXGroup;
			children = (
				1776BE26273E5D06004C981D /* HIIT-Tracker */,
				1776BE25273E5D06004C981D /* Products */,
			);
			sourceTree = "<group>";
		};
		1776BE25273E5D06004C981D /* Products */ = {
			isa = PBXGroup;
			children = (
				1776BE24273E5D06004C981D /* HIIT-Tracker.app */,
			);
			name = Products;
			sourceTree = "<group>";
		};
		1776BE26273E5D06004C981D /* HIIT-Tracker */ = {
			isa = PBXGroup;
			children = (
				1776BE45273EAFF5004C981D /* DetailViews */,
				1776BE3A273E5D59004C981D /* Utility */,
				1776BE27273E5D06004C981D /* HIIT_TrackerApp.swift */,
				1776BE29273E5D06004C981D /* ContentView.swift */,
				1776BE2B273E5D07004C981D /* Assets.xcassets */,
				1776BE2D273E5D07004C981D /* Preview Content */,
			);
			path = "HIIT-Tracker";
			sourceTree = "<group>";
		};
		1776BE2D273E5D07004C981D /* Preview Content */ = {
			isa = PBXGroup;
			children = (
				1776BE2E273E5D07004C981D /* Preview Assets.xcassets */,
			);
			path = "Preview Content";
			sourceTree = "<group>";
		};
		1776BE3A273E5D59004C981D /* Utility */ = {
			isa = PBXGroup;
			children = (
				1776BE3B273E5D71004C981D /* AppColors.swift */,
				177B8E5A2742872A00C338C7 /* UserData.swift */,
				177B8E5C274423AA00C338C7 /* PopToRootNavigation.swift */,
			);
			path = Utility;
			sourceTree = "<group>";
		};
		1776BE45273EAFF5004C981D /* DetailViews */ = {
			isa = PBXGroup;
			children = (
				1776BE43273EAFE5004C981D /* HeaderView.swift */,
				1776BE41273E98B2004C981D /* MainMenuView.swift */,
				1776BE3F273E9519004C981D /* SettingsView.swift */,
				1776BE3D273E9333004C981D /* TimerView.swift */,
				1776BE46273EB53A004C981D /* WorkoutSettingsView.swift */,
				17B5617D27453D97008A2554 /* WorkoutListView.swift */,
				17B5617F274540F4008A2554 /* WorkoutDetailView.swift */,
			);
			path = DetailViews;
			sourceTree = "<group>";
		};
/* End PBXGroup section */

/* Begin PBXNativeTarget section */
		1776BE23273E5D06004C981D /* HIIT-Tracker */ = {
			isa = PBXNativeTarget;
			buildConfigurationList = 1776BE37273E5D07004C981D /* Build configuration list for PBXNativeTarget "HIIT-Tracker" */;
			buildPhases = (
				1776BE20273E5D06004C981D /* Sources */,
				1776BE21273E5D06004C981D /* Frameworks */,
				1776BE22273E5D06004C981D /* Resources */,
			);
			buildRules = (
			);
			dependencies = (
			);
			name = "HIIT-Tracker";
			productName = "HIIT-Tracker";
			productReference = 1776BE24273E5D06004C981D /* HIIT-Tracker.app */;
			productType = "com.apple.product-type.application";
		};
/* End PBXNativeTarget section */

/* Begin PBXProject section */
		1776BE1C273E5D06004C981D /* Project object */ = {
			isa = PBXProject;
			attributes = {
				BuildIndependentTargetsInParallel = 1;
				LastSwiftUpdateCheck = 1310;
				LastUpgradeCheck = 1310;
				TargetAttributes = {
					1776BE23273E5D06004C981D = {
						CreatedOnToolsVersion = 13.1;
					};
				};
			};
			buildConfigurationList = 1776BE1F273E5D06004C981D /* Build configuration list for PBXProject "HIIT-Tracker" */;
			compatibilityVersion = "Xcode 13.0";
			developmentRegion = en;
			hasScannedForEncodings = 0;
			knownRegions = (
				en,
				Base,
			);
			mainGroup = 1776BE1B273E5D06004C981D;
			productRefGroup = 1776BE25273E5D06004C981D /* Products */;
			projectDirPath = "";
			projectRoot = "";
			targets = (
				1776BE23273E5D06004C981D /* HIIT-Tracker */,
			);
		};
/* End PBXProject section */

/* Begin PBXResourcesBuildPhase section */
		1776BE22273E5D06004C981D /* Resources */ = {
			isa = PBXResourcesBuildPhase;
			buildActionMask = 2147483647;
			files = (
				1776BE2F273E5D07004C981D /* Preview Assets.xcassets in Resources */,
				1776BE2C273E5D07004C981D /* Assets.xcassets in Resources */,
			);
			runOnlyForDeploymentPostprocessing = 0;
		};
/* End PBXResourcesBuildPhase section */

/* Begin PBXSourcesBuildPhase section */
		1776BE20273E5D06004C981D /* Sources */ = {
			isa = PBXSourcesBuildPhase;
			buildActionMask = 2147483647;
			files = (
				1776BE40273E9519004C981D /* SettingsView.swift in Sources */,
				1776BE44273EAFE5004C981D /* HeaderView.swift in Sources */,
				1776BE3E273E9333004C981D /* TimerView.swift in Sources */,
				1776BE47273EB53A004C981D /* WorkoutSettingsView.swift in Sources */,
				1776BE42273E98B2004C981D /* MainMenuView.swift in Sources */,
				17B5617E27453D97008A2554 /* WorkoutListView.swift in Sources */,
				177B8E5B2742872A00C338C7 /* UserData.swift in Sources */,
				17B56180274540F4008A2554 /* WorkoutDetailView.swift in Sources */,
				177B8E5D274423AB00C338C7 /* PopToRootNavigation.swift in Sources */,
				1776BE2A273E5D06004C981D /* ContentView.swift in Sources */,
				1776BE3C273E5D71004C981D /* AppColors.swift in Sources */,
				1776BE28273E5D06004C981D /* HIIT_TrackerApp.swift in Sources */,
			);
			runOnlyForDeploymentPostprocessing = 0;
		};
/* End PBXSourcesBuildPhase section */

/* Begin XCBuildConfiguration section */
		1776BE35273E5D07004C981D /* Debug */ = {
			isa = XCBuildConfiguration;
			buildSettings = {
				ALWAYS_SEARCH_USER_PATHS = NO;
				CLANG_ANALYZER_NONNULL = YES;
				CLANG_ANALYZER_NUMBER_OBJECT_CONVERSION = YES_AGGRESSIVE;
				CLANG_CXX_LANGUAGE_STANDARD = "gnu++17";
				CLANG_CXX_LIBRARY = "libc++";
				CLANG_ENABLE_MODULES = YES;
				CLANG_ENABLE_OBJC_ARC = YES;
				CLANG_ENABLE_OBJC_WEAK = YES;
				CLANG_WARN_BLOCK_CAPTURE_AUTORELEASING = YES;
				CLANG_WARN_BOOL_CONVERSION = YES;
				CLANG_WARN_COMMA = YES;
				CLANG_WARN_CONSTANT_CONVERSION = YES;
				CLANG_WARN_DEPRECATED_OBJC_IMPLEMENTATIONS = YES;
				CLANG_WARN_DIRECT_OBJC_ISA_USAGE = YES_ERROR;
				CLANG_WARN_DOCUMENTATION_COMMENTS = YES;
				CLANG_WARN_EMPTY_BODY = YES;
				CLANG_WARN_ENUM_CONVERSION = YES;
				CLANG_WARN_INFINITE_RECURSION = YES;
				CLANG_WARN_INT_CONVERSION = YES;
				CLANG_WARN_NON_LITERAL_NULL_CONVERSION = YES;
				CLANG_WARN_OBJC_IMPLICIT_RETAIN_SELF = YES;
				CLANG_WARN_OBJC_LITERAL_CONVERSION = YES;
				CLANG_WARN_OBJC_ROOT_CLASS = YES_ERROR;
				CLANG_WARN_QUOTED_INCLUDE_IN_FRAMEWORK_HEADER = YES;
				CLANG_WARN_RANGE_LOOP_ANALYSIS = YES;
				CLANG_WARN_STRICT_PROTOTYPES = YES;
				CLANG_WARN_SUSPICIOUS_MOVE = YES;
				CLANG_WARN_UNGUARDED_AVAILABILITY = YES_AGGRESSIVE;
				CLANG_WARN_UNREACHABLE_CODE = YES;
				CLANG_WARN__DUPLICATE_METHOD_MATCH = YES;
				COPY_PHASE_STRIP = NO;
				DEBUG_INFORMATION_FORMAT = dwarf;
				ENABLE_STRICT_OBJC_MSGSEND = YES;
				ENABLE_TESTABILITY = YES;
				GCC_C_LANGUAGE_STANDARD = gnu11;
				GCC_DYNAMIC_NO_PIC = NO;
				GCC_NO_COMMON_BLOCKS = YES;
				GCC_OPTIMIZATION_LEVEL = 0;
				GCC_PREPROCESSOR_DEFINITIONS = (
					"DEBUG=1",
					"$(inherited)",
				);
				GCC_WARN_64_TO_32_BIT_CONVERSION = YES;
				GCC_WARN_ABOUT_RETURN_TYPE = YES_ERROR;
				GCC_WARN_UNDECLARED_SELECTOR = YES;
				GCC_WARN_UNINITIALIZED_AUTOS = YES_AGGRESSIVE;
				GCC_WARN_UNUSED_FUNCTION = YES;
				GCC_WARN_UNUSED_VARIABLE = YES;
				IPHONEOS_DEPLOYMENT_TARGET = 15.0;
				MTL_ENABLE_DEBUG_INFO = INCLUDE_SOURCE;
				MTL_FAST_MATH = YES;
				ONLY_ACTIVE_ARCH = YES;
				SDKROOT = iphoneos;
				SWIFT_ACTIVE_COMPILATION_CONDITIONS = DEBUG;
				SWIFT_OPTIMIZATION_LEVEL = "-Onone";
			};
			name = Debug;
		};
		1776BE36273E5D07004C981D /* Release */ = {
			isa = XCBuildConfiguration;
			buildSettings = {
				ALWAYS_SEARCH_USER_PATHS = NO;
				CLANG_ANALYZER_NONNULL = YES;
				CLANG_ANALYZER_NUMBER_OBJECT_CONVERSION = YES_AGGRESSIVE;
				CLANG_CXX_LANGUAGE_STANDARD = "gnu++17";
				CLANG_CXX_LIBRARY = "libc++";
				CLANG_ENABLE_MODULES = YES;
				CLANG_ENABLE_OBJC_ARC = YES;
				CLANG_ENABLE_OBJC_WEAK = YES;
				CLANG_WARN_BLOCK_CAPTURE_AUTORELEASING = YES;
				CLANG_WARN_BOOL_CONVERSION = YES;
				CLANG_WARN_COMMA = YES;
				CLANG_WARN_CONSTANT_CONVERSION = YES;
				CLANG_WARN_DEPRECATED_OBJC_IMPLEMENTATIONS = YES;
				CLANG_WARN_DIRECT_OBJC_ISA_USAGE = YES_ERROR;
				CLANG_WARN_DOCUMENTATION_COMMENTS = YES;
				CLANG_WARN_EMPTY_BODY = YES;
				CLANG_WARN_ENUM_CONVERSION = YES;
				CLANG_WARN_INFINITE_RECURSION = YES;
				CLANG_WARN_INT_CONVERSION = YES;
				CLANG_WARN_NON_LITERAL_NULL_CONVERSION = YES;
				CLANG_WARN_OBJC_IMPLICIT_RETAIN_SELF = YES;
				CLANG_WARN_OBJC_LITERAL_CONVERSION = YES;
				CLANG_WARN_OBJC_ROOT_CLASS = YES_ERROR;
				CLANG_WARN_QUOTED_INCLUDE_IN_FRAMEWORK_HEADER = YES;
				CLANG_WARN_RANGE_LOOP_ANALYSIS = YES;
				CLANG_WARN_STRICT_PROTOTYPES = YES;
				CLANG_WARN_SUSPICIOUS_MOVE = YES;
				CLANG_WARN_UNGUARDED_AVAILABILITY = YES_AGGRESSIVE;
				CLANG_WARN_UNREACHABLE_CODE = YES;
				CLANG_WARN__DUPLICATE_METHOD_MATCH = YES;
				COPY_PHASE_STRIP = NO;
				DEBUG_INFORMATION_FORMAT = "dwarf-with-dsym";
				ENABLE_NS_ASSERTIONS = NO;
				ENABLE_STRICT_OBJC_MSGSEND = YES;
				GCC_C_LANGUAGE_STANDARD = gnu11;
				GCC_NO_COMMON_BLOCKS = YES;
				GCC_WARN_64_TO_32_BIT_CONVERSION = YES;
				GCC_WARN_ABOUT_RETURN_TYPE = YES_ERROR;
				GCC_WARN_UNDECLARED_SELECTOR = YES;
				GCC_WARN_UNINITIALIZED_AUTOS = YES_AGGRESSIVE;
				GCC_WARN_UNUSED_FUNCTION = YES;
				GCC_WARN_UNUSED_VARIABLE = YES;
				IPHONEOS_DEPLOYMENT_TARGET = 15.0;
				MTL_ENABLE_DEBUG_INFO = NO;
				MTL_FAST_MATH = YES;
				SDKROOT = iphoneos;
				SWIFT_COMPILATION_MODE = wholemodule;
				SWIFT_OPTIMIZATION_LEVEL = "-O";
				VALIDATE_PRODUCT = YES;
			};
			name = Release;
		};
		1776BE38273E5D07004C981D /* Debug */ = {
			isa = XCBuildConfiguration;
			buildSettings = {
				ASSETCATALOG_COMPILER_APPICON_NAME = AppIcon;
				ASSETCATALOG_COMPILER_GLOBAL_ACCENT_COLOR_NAME = AccentColor;
				CODE_SIGN_STYLE = Automatic;
				CURRENT_PROJECT_VERSION = 1;
				DEVELOPMENT_ASSET_PATHS = "";
				DEVELOPMENT_TEAM = H25X3F763W;
				ENABLE_PREVIEWS = YES;
				GENERATE_INFOPLIST_FILE = YES;
				INFOPLIST_KEY_UIApplicationSceneManifest_Generation = YES;
				INFOPLIST_KEY_UIApplicationSupportsIndirectInputEvents = YES;
				INFOPLIST_KEY_UILaunchScreen_Generation = YES;
				INFOPLIST_KEY_UISupportedInterfaceOrientations_iPad = "UIInterfaceOrientationPortrait UIInterfaceOrientationPortraitUpsideDown UIInterfaceOrientationLandscapeLeft UIInterfaceOrientationLandscapeRight";
				INFOPLIST_KEY_UISupportedInterfaceOrientations_iPhone = "UIInterfaceOrientationPortrait UIInterfaceOrientationLandscapeLeft UIInterfaceOrientationLandscapeRight";
				IPHONEOS_DEPLOYMENT_TARGET = 15.0;
				LD_RUNPATH_SEARCH_PATHS = (
					"$(inherited)",
					"@executable_path/Frameworks",
				);
				MARKETING_VERSION = 1.0;
				PRODUCT_BUNDLE_IDENTIFIER = "de.HIIT-Tracker";
				PRODUCT_NAME = "$(TARGET_NAME)";
				SWIFT_EMIT_LOC_STRINGS = YES;
				SWIFT_VERSION = 5.0;
				TARGETED_DEVICE_FAMILY = "1,2";
			};
			name = Debug;
		};
		1776BE39273E5D07004C981D /* Release */ = {
			isa = XCBuildConfiguration;
			buildSettings = {
				ASSETCATALOG_COMPILER_APPICON_NAME = AppIcon;
				ASSETCATALOG_COMPILER_GLOBAL_ACCENT_COLOR_NAME = AccentColor;
				CODE_SIGN_STYLE = Automatic;
				CURRENT_PROJECT_VERSION = 1;
				DEVELOPMENT_ASSET_PATHS = "";
				DEVELOPMENT_TEAM = H25X3F763W;
				ENABLE_PREVIEWS = YES;
				GENERATE_INFOPLIST_FILE = YES;
				INFOPLIST_KEY_UIApplicationSceneManifest_Generation = YES;
				INFOPLIST_KEY_UIApplicationSupportsIndirectInputEvents = YES;
				INFOPLIST_KEY_UILaunchScreen_Generation = YES;
				INFOPLIST_KEY_UISupportedInterfaceOrientations_iPad = "UIInterfaceOrientationPortrait UIInterfaceOrientationPortraitUpsideDown UIInterfaceOrientationLandscapeLeft UIInterfaceOrientationLandscapeRight";
				INFOPLIST_KEY_UISupportedInterfaceOrientations_iPhone = "UIInterfaceOrientationPortrait UIInterfaceOrientationLandscapeLeft UIInterfaceOrientationLandscapeRight";
				IPHONEOS_DEPLOYMENT_TARGET = 15.0;
				LD_RUNPATH_SEARCH_PATHS = (
					"$(inherited)",
					"@executable_path/Frameworks",
				);
				MARKETING_VERSION = 1.0;
				PRODUCT_BUNDLE_IDENTIFIER = "de.HIIT-Tracker";
				PRODUCT_NAME = "$(TARGET_NAME)";
				SWIFT_EMIT_LOC_STRINGS = YES;
				SWIFT_VERSION = 5.0;
				TARGETED_DEVICE_FAMILY = "1,2";
			};
			name = Release;
		};
/* End XCBuildConfiguration section */

/* Begin XCConfigurationList section */
		1776BE1F273E5D06004C981D /* Build configuration list for PBXProject "HIIT-Tracker" */ = {
			isa = XCConfigurationList;
			buildConfigurations = (
				1776BE35273E5D07004C981D /* Debug */,
				1776BE36273E5D07004C981D /* Release */,
			);
			defaultConfigurationIsVisible = 0;
			defaultConfigurationName = Release;
		};
		1776BE37273E5D07004C981D /* Build configuration list for PBXNativeTarget "HIIT-Tracker" */ = {
			isa = XCConfigurationList;
			buildConfigurations = (
				1776BE38273E5D07004C981D /* Debug */,
				1776BE39273E5D07004C981D /* Release */,
			);
			defaultConfigurationIsVisible = 0;
			defaultConfigurationName = Release;
		};
/* End XCConfigurationList section */
	};
	rootObject = 1776BE1C273E5D06004C981D /* Project object */;
}
